PODS:
  - mopub-ios-sdk (5.8.0):
    - mopub-ios-sdk/MoPubSDK (= 5.8.0)
  - mopub-ios-sdk/Avid (5.8.0):
    - mopub-ios-sdk/Core
  - mopub-ios-sdk/Core (5.8.0)
  - mopub-ios-sdk/Moat (5.8.0):
    - mopub-ios-sdk/Core
  - mopub-ios-sdk/MoPubSDK (5.8.0):
    - mopub-ios-sdk/Avid
    - mopub-ios-sdk/Core
    - mopub-ios-sdk/Moat
  - PlayableAds (2.4.3)

DEPENDENCIES:
  - mopub-ios-sdk
  - PlayableAds

SPEC REPOS:
  https://github.com/cocoapods/specs.git:
    - mopub-ios-sdk
    - PlayableAds

SPEC CHECKSUMS:
  mopub-ios-sdk: b63e15803e70b92d0b51c3e1c49bbcd78cd3d1d5
  PlayableAds: 19788ba6d0b208d4711660216b2426607adc1948

PODFILE CHECKSUM: 3805188d474998f867d5802e58fa64546f78f182

COCOAPODS: 1.6.1
